
Microsoft Visual Studio Solution File, Format Version 11.00
# Visual Studio 2010
Project("{FAE04EC0-301F-11D3-BF4B-00C04F79EFBC}") = "PrepaidService", "PrepaidService\PrepaidService.csproj", "{67E584E8-F064-4EA2-9BD8-C9A0F4B81E5A}"
EndProject
Global
	GlobalSection(SolutionConfigurationPlatforms) = preSolution
		Debug|Any CPU = Debug|Any CPU
		Release|Any CPU = Release|Any CPU
	EndGlobalSection
	GlobalSection(ProjectConfigurationPlatforms) = postSolution
		{67E584E8-F064-4EA2-9BD8-C9A0F4B81E5A}.Debug|Any CPU.ActiveCfg = Debug|Any CPU
		{67E584E8-F064-4EA2-9BD8-C9A0F4B81E5A}.Debug|Any CPU.Build.0 = Debug|Any CPU
		{67E584E8-F064-4EA2-9BD8-C9A0F4B81E5A}.Release|Any CPU.ActiveCfg = Release|Any CPU
		{67E584E8-F064-4EA2-9BD8-C9A0F4B81E5A}.Release|Any CPU.Build.0 = Release|Any CPU
	EndGlobalSection
	GlobalSection(SolutionProperties) = preSolution
		HideSolutionNode = FALSE
	EndGlobalSection
EndGlobal
